
Microsoft Visual Studio Solution File, Format Version 12.00
Project("{2150E333-8FDC-42A3-9474-1A3956D46DE8}") = "SolutionFolder", "SolutionFolder", "{02718B73-CB74-4A7B-B977-24FB14B1B171}"
	ProjectSection(SolutionItems) = preProject
		readme.md = readme.md
	EndProjectSection
EndProject
Project("{2150E333-8FDC-42A3-9474-1A3956D46DE8}") = "src", "src", "{E8AA0783-7547-4521-9A61-ECB92C314D4F}"
EndProject
Project("{FAE04EC0-301F-11D3-BF4B-00C04F79EFBC}") = "BicepRunner", "src\BicepRunner\BicepRunner.csproj", "{CD7C8296-C700-4DBC-A21E-548877B3D4B9}"
EndProject
Project("{FAE04EC0-301F-11D3-BF4B-00C04F79EFBC}") = "BicepFlex", "src\BicepFlex\BicepFlex.csproj", "{F7152735-7A64-40B1-B561-D9EC62EBFAD0}"
EndProject
Project("{FAE04EC0-301F-11D3-BF4B-00C04F79EFBC}") = "AzBicepRunner", "src\AzBicepRunner\AzBicepRunner.csproj", "{046EC160-E93F-4E08-A33A-7628EAA81E73}"
EndProject
Project("{2150E333-8FDC-42A3-9474-1A3956D46DE8}") = "test", "test", "{0AB24B03-51E6-4BA2-AFA6-CAC6339919F7}"
EndProject
Project("{FAE04EC0-301F-11D3-BF4B-00C04F79EFBC}") = "BicepTestTypes", "test\BicepTestTypes\BicepTestTypes.csproj", "{8226F040-31AE-4A09-89B9-E34EA5D3E723}"
EndProject
Project("{FAE04EC0-301F-11D3-BF4B-00C04F79EFBC}") = "BicepParser", "src\BicepParser\BicepParser.csproj", "{87730A75-79FB-46D3-9920-A992C86EB0F5}"
EndProject
Project("{FAE04EC0-301F-11D3-BF4B-00C04F79EFBC}") = "BicepUtilities", "src\BicepUtilities\BicepUtilities.csproj", "{34ACC5D1-E77E-46D5-BCA3-7EE5E0450F98}"
EndProject
Global
	GlobalSection(SolutionConfigurationPlatforms) = preSolution
		Debug|Any CPU = Debug|Any CPU
		Release|Any CPU = Release|Any CPU
	EndGlobalSection
	GlobalSection(ProjectConfigurationPlatforms) = postSolution
		{CD7C8296-C700-4DBC-A21E-548877B3D4B9}.Debug|Any CPU.ActiveCfg = Debug|Any CPU
		{CD7C8296-C700-4DBC-A21E-548877B3D4B9}.Debug|Any CPU.Build.0 = Debug|Any CPU
		{CD7C8296-C700-4DBC-A21E-548877B3D4B9}.Release|Any CPU.ActiveCfg = Release|Any CPU
		{CD7C8296-C700-4DBC-A21E-548877B3D4B9}.Release|Any CPU.Build.0 = Release|Any CPU
		{F7152735-7A64-40B1-B561-D9EC62EBFAD0}.Debug|Any CPU.ActiveCfg = Debug|Any CPU
		{F7152735-7A64-40B1-B561-D9EC62EBFAD0}.Debug|Any CPU.Build.0 = Debug|Any CPU
		{F7152735-7A64-40B1-B561-D9EC62EBFAD0}.Release|Any CPU.ActiveCfg = Release|Any CPU
		{F7152735-7A64-40B1-B561-D9EC62EBFAD0}.Release|Any CPU.Build.0 = Release|Any CPU
		{046EC160-E93F-4E08-A33A-7628EAA81E73}.Debug|Any CPU.ActiveCfg = Debug|Any CPU
		{046EC160-E93F-4E08-A33A-7628EAA81E73}.Debug|Any CPU.Build.0 = Debug|Any CPU
		{046EC160-E93F-4E08-A33A-7628EAA81E73}.Release|Any CPU.ActiveCfg = Release|Any CPU
		{046EC160-E93F-4E08-A33A-7628EAA81E73}.Release|Any CPU.Build.0 = Release|Any CPU
		{8226F040-31AE-4A09-89B9-E34EA5D3E723}.Debug|Any CPU.ActiveCfg = Debug|Any CPU
		{8226F040-31AE-4A09-89B9-E34EA5D3E723}.Debug|Any CPU.Build.0 = Debug|Any CPU
		{8226F040-31AE-4A09-89B9-E34EA5D3E723}.Release|Any CPU.ActiveCfg = Release|Any CPU
		{8226F040-31AE-4A09-89B9-E34EA5D3E723}.Release|Any CPU.Build.0 = Release|Any CPU
		{87730A75-79FB-46D3-9920-A992C86EB0F5}.Debug|Any CPU.ActiveCfg = Debug|Any CPU
		{87730A75-79FB-46D3-9920-A992C86EB0F5}.Debug|Any CPU.Build.0 = Debug|Any CPU
		{87730A75-79FB-46D3-9920-A992C86EB0F5}.Release|Any CPU.ActiveCfg = Release|Any CPU
		{87730A75-79FB-46D3-9920-A992C86EB0F5}.Release|Any CPU.Build.0 = Release|Any CPU
		{34ACC5D1-E77E-46D5-BCA3-7EE5E0450F98}.Debug|Any CPU.ActiveCfg = Debug|Any CPU
		{34ACC5D1-E77E-46D5-BCA3-7EE5E0450F98}.Debug|Any CPU.Build.0 = Debug|Any CPU
		{34ACC5D1-E77E-46D5-BCA3-7EE5E0450F98}.Release|Any CPU.ActiveCfg = Release|Any CPU
		{34ACC5D1-E77E-46D5-BCA3-7EE5E0450F98}.Release|Any CPU.Build.0 = Release|Any CPU
	EndGlobalSection
	GlobalSection(NestedProjects) = preSolution
		{CD7C8296-C700-4DBC-A21E-548877B3D4B9} = {E8AA0783-7547-4521-9A61-ECB92C314D4F}
		{F7152735-7A64-40B1-B561-D9EC62EBFAD0} = {E8AA0783-7547-4521-9A61-ECB92C314D4F}
		{046EC160-E93F-4E08-A33A-7628EAA81E73} = {E8AA0783-7547-4521-9A61-ECB92C314D4F}
		{8226F040-31AE-4A09-89B9-E34EA5D3E723} = {0AB24B03-51E6-4BA2-AFA6-CAC6339919F7}
		{87730A75-79FB-46D3-9920-A992C86EB0F5} = {E8AA0783-7547-4521-9A61-ECB92C314D4F}
		{34ACC5D1-E77E-46D5-BCA3-7EE5E0450F98} = {E8AA0783-7547-4521-9A61-ECB92C314D4F}
	EndGlobalSection
EndGlobal
