
Microsoft Visual Studio Solution File, Format Version 12.00
Project("{FAE04EC0-301F-11D3-BF4B-00C04F79EFBC}") = "BicepFlex", "BicepFlex\BicepFlex.csproj", "{9A3903C1-8734-4710-8342-9D84E15D1EAC}"
EndProject
Project("{2150E333-8FDC-42A3-9474-1A3956D46DE8}") = "TestBicepFiles", "TestBicepFiles", "{8BBC20B1-0A19-4E5B-B8A9-BB6E94E8B3CF}"
	ProjectSection(SolutionItems) = preProject
		TestBicepFiles\single-param.bicep = TestBicepFiles\single-param.bicep
	EndProjectSection
EndProject
Project("{FAE04EC0-301F-11D3-BF4B-00C04F79EFBC}") = "BicepTest", "BicepTest\BicepTest.csproj", "{0DD4DEAE-E4BD-4767-8B42-C10F2822BAC8}"
EndProject
Project("{2150E333-8FDC-42A3-9474-1A3956D46DE8}") = "SolutionFolder", "SolutionFolder", "{02718B73-CB74-4A7B-B977-24FB14B1B171}"
EndProject
Global
	GlobalSection(SolutionConfigurationPlatforms) = preSolution
		Debug|Any CPU = Debug|Any CPU
		Release|Any CPU = Release|Any CPU
	EndGlobalSection
	GlobalSection(ProjectConfigurationPlatforms) = postSolution
		{9A3903C1-8734-4710-8342-9D84E15D1EAC}.Debug|Any CPU.ActiveCfg = Debug|Any CPU
		{9A3903C1-8734-4710-8342-9D84E15D1EAC}.Debug|Any CPU.Build.0 = Debug|Any CPU
		{9A3903C1-8734-4710-8342-9D84E15D1EAC}.Release|Any CPU.ActiveCfg = Release|Any CPU
		{9A3903C1-8734-4710-8342-9D84E15D1EAC}.Release|Any CPU.Build.0 = Release|Any CPU
		{0DD4DEAE-E4BD-4767-8B42-C10F2822BAC8}.Debug|Any CPU.ActiveCfg = Debug|Any CPU
		{0DD4DEAE-E4BD-4767-8B42-C10F2822BAC8}.Debug|Any CPU.Build.0 = Debug|Any CPU
		{0DD4DEAE-E4BD-4767-8B42-C10F2822BAC8}.Release|Any CPU.ActiveCfg = Release|Any CPU
		{0DD4DEAE-E4BD-4767-8B42-C10F2822BAC8}.Release|Any CPU.Build.0 = Release|Any CPU
	EndGlobalSection
EndGlobal
